
Microsoft Visual Studio Solution File, Format Version 12.00
# Visual Studio 15
VisualStudioVersion = 15.0.27428.2037
MinimumVisualStudioVersion = 10.0.40219.1
Project("{FAE04EC0-301F-11D3-BF4B-00C04F79EFBC}") = "Casinos", "Casinos\Casinos.csproj", "{ACD1990C-AA63-4007-9046-7945A67F7D04}"
EndProject
Global
	GlobalSection(SolutionConfigurationPlatforms) = preSolution
		Debug|Any CPU = Debug|Any CPU
		Release|Any CPU = Release|Any CPU
	EndGlobalSection
	GlobalSection(ProjectConfigurationPlatforms) = postSolution
		{ACD1990C-AA63-4007-9046-7945A67F7D04}.Debug|Any CPU.ActiveCfg = Debug|Any CPU
		{ACD1990C-AA63-4007-9046-7945A67F7D04}.Debug|Any CPU.Build.0 = Debug|Any CPU
		{ACD1990C-AA63-4007-9046-7945A67F7D04}.Release|Any CPU.ActiveCfg = Release|Any CPU
		{ACD1990C-AA63-4007-9046-7945A67F7D04}.Release|Any CPU.Build.0 = Release|Any CPU
	EndGlobalSection
	GlobalSection(SolutionProperties) = preSolution
		HideSolutionNode = FALSE
	EndGlobalSection
	GlobalSection(ExtensibilityGlobals) = postSolution
		SolutionGuid = {78D4FA72-A871-4C83-8F85-DFA2B01E1134}
	EndGlobalSection
EndGlobal
